// !$*UTF8*$!
{
	archiveVersion = 1;
	classes = {
	};
	objectVersion = 50;
	objects = {

/* Begin PBXBuildFile section */
		78C1E59622F2FFB700529420 /* AppDelegate.swift in Sources */ = {isa = PBXBuildFile; fileRef = 78C1E59522F2FFB700529420 /* AppDelegate.swift */; };
		78C1E59822F2FFB700529420 /* ViewController.swift in Sources */ = {isa = PBXBuildFile; fileRef = 78C1E59722F2FFB700529420 /* ViewController.swift */; };
		78C1E59B22F2FFB700529420 /* Main.storyboard in Resources */ = {isa = PBXBuildFile; fileRef = 78C1E59922F2FFB700529420 /* Main.storyboard */; };
		78C1E59D22F2FFE800529420 /* Assets.xcassets in Resources */ = {isa = PBXBuildFile; fileRef = 78C1E59C22F2FFE800529420 /* Assets.xcassets */; };
		78C1E5A022F2FFE800529420 /* LaunchScreen.storyboard in Resources */ = {isa = PBXBuildFile; fileRef = 78C1E59E22F2FFE800529420 /* LaunchScreen.storyboard */; };
		78C1E5AB22F2FFE900529420 /* exampleCoreMLTests.swift in Sources */ = {isa = PBXBuildFile; fileRef = 78C1E5AA22F2FFE900529420 /* exampleCoreMLTests.swift */; };
/* End PBXBuildFile section */

/* Begin PBXContainerItemProxy section */
		78C1E5A722F2FFE800529420 /* PBXContainerItemProxy */ = {
			isa = PBXContainerItemProxy;
			containerPortal = 78C1E58A22F2FFB600529420 /* Project object */;
			proxyType = 1;
			remoteGlobalIDString = 78C1E59122F2FFB700529420;
			remoteInfo = exampleCoreML;
		};
/* End PBXContainerItemProxy section */

/* Begin PBXFileReference section */
		78C1E59222F2FFB700529420 /* exampleCoreML.app */ = {isa = PBXFileReference; explicitFileType = wrapper.application; includeInIndex = 0; path = exampleCoreML.app; sourceTree = BUILT_PRODUCTS_DIR; };
		78C1E59522F2FFB700529420 /* AppDelegate.swift */ = {isa = PBXFileReference; lastKnownFileType = sourcecode.swift; path = AppDelegate.swift; sourceTree = "<group>"; };
		78C1E59722F2FFB700529420 /* ViewController.swift */ = {isa = PBXFileReference; lastKnownFileType = sourcecode.swift; path = ViewController.swift; sourceTree = "<group>"; };
		78C1E59A22F2FFB700529420 /* Base */ = {isa = PBXFileReference; lastKnownFileType = file.storyboard; name = Base; path = Base.lproj/Main.storyboard; sourceTree = "<group>"; };
		78C1E59C22F2FFE800529420 /* Assets.xcassets */ = {isa = PBXFileReference; lastKnownFileType = folder.assetcatalog; path = Assets.xcassets; sourceTree = "<group>"; };
		78C1E59F22F2FFE800529420 /* Base */ = {isa = PBXFileReference; lastKnownFileType = file.storyboard; name = Base; path = Base.lproj/LaunchScreen.storyboard; sourceTree = "<group>"; };
		78C1E5A122F2FFE800529420 /* Info.plist */ = {isa = PBXFileReference; lastKnownFileType = text.plist.xml; path = Info.plist; sourceTree = "<group>"; };
		78C1E5A622F2FFE800529420 /* exampleCoreMLTests.xctest */ = {isa = PBXFileReference; explicitFileType = wrapper.cfbundle; includeInIndex = 0; path = exampleCoreMLTests.xctest; sourceTree = BUILT_PRODUCTS_DIR; };
		78C1E5AA22F2FFE900529420 /* exampleCoreMLTests.swift */ = {isa = PBXFileReference; lastKnownFileType = sourcecode.swift; path = exampleCoreMLTests.swift; sourceTree = "<group>"; };
		78C1E5AC22F2FFE900529420 /* Info.plist */ = {isa = PBXFileReference; lastKnownFileType = text.plist.xml; path = Info.plist; sourceTree = "<group>"; };
/* End PBXFileReference section */

/* Begin PBXFrameworksBuildPhase section */
		78C1E58F22F2FFB700529420 /* Frameworks */ = {
			isa = PBXFrameworksBuildPhase;
			buildActionMask = 2147483647;
			files = (
			);
			runOnlyForDeploymentPostprocessing = 0;
		};
		78C1E5A322F2FFE800529420 /* Frameworks */ = {
			isa = PBXFrameworksBuildPhase;
			buildActionMask = 2147483647;
			files = (
			);
			runOnlyForDeploymentPostprocessing = 0;
		};
/* End PBXFrameworksBuildPhase section */

/* Begin PBXGroup section */
		78C1E58922F2FFB600529420 = {
			isa = PBXGroup;
			children = (
				78C1E59422F2FFB700529420 /* exampleCoreML */,
				78C1E5A922F2FFE800529420 /* exampleCoreMLTests */,
				78C1E59322F2FFB700529420 /* Products */,
			);
			sourceTree = "<group>";
		};
		78C1E59322F2FFB700529420 /* Products */ = {
			isa = PBXGroup;
			children = (
				78C1E59222F2FFB700529420 /* exampleCoreML.app */,
				78C1E5A622F2FFE800529420 /* exampleCoreMLTests.xctest */,
			);
			name = Products;
			sourceTree = "<group>";
		};
		78C1E59422F2FFB700529420 /* exampleCoreML */ = {
			isa = PBXGroup;
			children = (
				78C1E59522F2FFB700529420 /* AppDelegate.swift */,
				78C1E59722F2FFB700529420 /* ViewController.swift */,
				78C1E59922F2FFB700529420 /* Main.storyboard */,
				78C1E59C22F2FFE800529420 /* Assets.xcassets */,
				78C1E59E22F2FFE800529420 /* LaunchScreen.storyboard */,
				78C1E5A122F2FFE800529420 /* Info.plist */,
			);
			path = exampleCoreML;
			sourceTree = "<group>";
		};
		78C1E5A922F2FFE800529420 /* exampleCoreMLTests */ = {
			isa = PBXGroup;
			children = (
				78C1E5AA22F2FFE900529420 /* exampleCoreMLTests.swift */,
				78C1E5AC22F2FFE900529420 /* Info.plist */,
			);
			path = exampleCoreMLTests;
			sourceTree = "<group>";
		};
/* End PBXGroup section */

/* Begin PBXNativeTarget section */
		78C1E59122F2FFB700529420 /* exampleCoreML */ = {
			isa = PBXNativeTarget;
			buildConfigurationList = 78C1E5AF22F2FFE900529420 /* Build configuration list for PBXNativeTarget "exampleCoreML" */;
			buildPhases = (
				78C1E58E22F2FFB700529420 /* Sources */,
				78C1E58F22F2FFB700529420 /* Frameworks */,
				78C1E59022F2FFB700529420 /* Resources */,
			);
			buildRules = (
			);
			dependencies = (
			);
			name = exampleCoreML;
			productName = exampleCoreML;
			productReference = 78C1E59222F2FFB700529420 /* exampleCoreML.app */;
			productType = "com.apple.product-type.application";
		};
		78C1E5A522F2FFE800529420 /* exampleCoreMLTests */ = {
			isa = PBXNativeTarget;
			buildConfigurationList = 78C1E5B222F2FFE900529420 /* Build configuration list for PBXNativeTarget "exampleCoreMLTests" */;
			buildPhases = (
				78C1E5A222F2FFE800529420 /* Sources */,
				78C1E5A322F2FFE800529420 /* Frameworks */,
				78C1E5A422F2FFE800529420 /* Resources */,
			);
			buildRules = (
			);
			dependencies = (
				78C1E5A822F2FFE800529420 /* PBXTargetDependency */,
			);
			name = exampleCoreMLTests;
			productName = exampleCoreMLTests;
			productReference = 78C1E5A622F2FFE800529420 /* exampleCoreMLTests.xctest */;
			productType = "com.apple.product-type.bundle.unit-test";
		};
/* End PBXNativeTarget section */

/* Begin PBXProject section */
		78C1E58A22F2FFB600529420 /* Project object */ = {
			isa = PBXProject;
			attributes = {
				LastSwiftUpdateCheck = 1020;
				LastUpgradeCheck = 1020;
				ORGANIZATIONNAME = "Programmer Alley";
				TargetAttributes = {
					78C1E59122F2FFB700529420 = {
						CreatedOnToolsVersion = 10.2.1;
					};
					78C1E5A522F2FFE800529420 = {
						CreatedOnToolsVersion = 10.2.1;
						TestTargetID = 78C1E59122F2FFB700529420;
					};
				};
			};
			buildConfigurationList = 78C1E58D22F2FFB600529420 /* Build configuration list for PBXProject "exampleCoreML" */;
			compatibilityVersion = "Xcode 9.3";
			developmentRegion = en;
			hasScannedForEncodings = 0;
			knownRegions = (
				en,
				Base,
			);
			mainGroup = 78C1E58922F2FFB600529420;
			productRefGroup = 78C1E59322F2FFB700529420 /* Products */;
			projectDirPath = "";
			projectRoot = "";
			targets = (
				78C1E59122F2FFB700529420 /* exampleCoreML */,
				78C1E5A522F2FFE800529420 /* exampleCoreMLTests */,
			);
		};
/* End PBXProject section */

/* Begin PBXResourcesBuildPhase section */
		78C1E59022F2FFB700529420 /* Resources */ = {
			isa = PBXResourcesBuildPhase;
			buildActionMask = 2147483647;
			files = (
				78C1E5A022F2FFE800529420 /* LaunchScreen.storyboard in Resources */,
				78C1E59D22F2FFE800529420 /* Assets.xcassets in Resources */,
				78C1E59B22F2FFB700529420 /* Main.storyboard in Resources */,
			);
			runOnlyForDeploymentPostprocessing = 0;
		};
		78C1E5A422F2FFE800529420 /* Resources */ = {
			isa = PBXResourcesBuildPhase;
			buildActionMask = 2147483647;
			files = (
			);
			runOnlyForDeploymentPostprocessing = 0;
		};
/* End PBXResourcesBuildPhase section */

/* Begin PBXSourcesBuildPhase section */
		78C1E58E22F2FFB700529420 /* Sources */ = {
			isa = PBXSourcesBuildPhase;
			buildActionMask = 2147483647;
			files = (
				78C1E59822F2FFB700529420 /* ViewController.swift in Sources */,
				78C1E59622F2FFB700529420 /* AppDelegate.swift in Sources */,
			);
			runOnlyForDeploymentPostprocessing = 0;
		};
		78C1E5A222F2FFE800529420 /* Sources */ = {
			isa = PBXSourcesBuildPhase;
			buildActionMask = 2147483647;
			files = (
				78C1E5AB22F2FFE900529420 /* exampleCoreMLTests.swift in Sources */,
			);
			runOnlyForDeploymentPostprocessing = 0;
		};
/* End PBXSourcesBuildPhase section */

/* Begin PBXTargetDependency section */
		78C1E5A822F2FFE800529420 /* PBXTargetDependency */ = {
			isa = PBXTargetDependency;
			target = 78C1E59122F2FFB700529420 /* exampleCoreML */;
			targetProxy = 78C1E5A722F2FFE800529420 /* PBXContainerItemProxy */;
		};
/* End PBXTargetDependency section */

/* Begin PBXVariantGroup section */
		78C1E59922F2FFB700529420 /* Main.storyboard */ = {
			isa = PBXVariantGroup;
			children = (
				78C1E59A22F2FFB700529420 /* Base */,
			);
			name = Main.storyboard;
			sourceTree = "<group>";
		};
		78C1E59E22F2FFE800529420 /* LaunchScreen.storyboard */ = {
			isa = PBXVariantGroup;
			children = (
				78C1E59F22F2FFE800529420 /* Base */,
			);
			name = LaunchScreen.storyboard;
			sourceTree = "<group>";
		};
/* End PBXVariantGroup section */

/* Begin XCBuildConfiguration section */
		78C1E5AD22F2FFE900529420 /* Debug */ = {
			isa = XCBuildConfiguration;
			buildSettings = {
				ALWAYS_SEARCH_USER_PATHS = NO;
				CLANG_ANALYZER_NONNULL = YES;
				CLANG_ANALYZER_NUMBER_OBJECT_CONVERSION = YES_AGGRESSIVE;
				CLANG_CXX_LANGUAGE_STANDARD = "gnu++14";
				CLANG_CXX_LIBRARY = "libc++";
				CLANG_ENABLE_MODULES = YES;
				CLANG_ENABLE_OBJC_ARC = YES;
				CLANG_ENABLE_OBJC_WEAK = YES;
				CLANG_WARN_BLOCK_CAPTURE_AUTORELEASING = YES;
				CLANG_WARN_BOOL_CONVERSION = YES;
				CLANG_WARN_COMMA = YES;
				CLANG_WARN_CONSTANT_CONVERSION = YES;
				CLANG_WARN_DEPRECATED_OBJC_IMPLEMENTATIONS = YES;
				CLANG_WARN_DIRECT_OBJC_ISA_USAGE = YES_ERROR;
				CLANG_WARN_DOCUMENTATION_COMMENTS = YES;
				CLANG_WARN_EMPTY_BODY = YES;
				CLANG_WARN_ENUM_CONVERSION = YES;
				CLANG_WARN_INFINITE_RECURSION = YES;
				CLANG_WARN_INT_CONVERSION = YES;
				CLANG_WARN_NON_LITERAL_NULL_CONVERSION = YES;
				CLANG_WARN_OBJC_IMPLICIT_RETAIN_SELF = YES;
				CLANG_WARN_OBJC_LITERAL_CONVERSION = YES;
				CLANG_WARN_OBJC_ROOT_CLASS = YES_ERROR;
				CLANG_WARN_RANGE_LOOP_ANALYSIS = YES;
				CLANG_WARN_STRICT_PROTOTYPES = YES;
				CLANG_WARN_SUSPICIOUS_MOVE = YES;
				CLANG_WARN_UNGUARDED_AVAILABILITY = YES_AGGRESSIVE;
				CLANG_WARN_UNREACHABLE_CODE = YES;
				CLANG_WARN__DUPLICATE_METHOD_MATCH = YES;
				CODE_SIGN_IDENTITY = "iPhone Developer";
				COPY_PHASE_STRIP = NO;
				DEBUG_INFORMATION_FORMAT = dwarf;
				ENABLE_STRICT_OBJC_MSGSEND = YES;
				ENABLE_TESTABILITY = YES;
				GCC_C_LANGUAGE_STANDARD = gnu11;
				GCC_DYNAMIC_NO_PIC = NO;
				GCC_NO_COMMON_BLOCKS = YES;
				GCC_OPTIMIZATION_LEVEL = 0;
				GCC_PREPROCESSOR_DEFINITIONS = (
					"DEBUG=1",
					"$(inherited)",
				);
				GCC_WARN_64_TO_32_BIT_CONVERSION = YES;
				GCC_WARN_ABOUT_RETURN_TYPE = YES_ERROR;
				GCC_WARN_UNDECLARED_SELECTOR = YES;
				GCC_WARN_UNINITIALIZED_AUTOS = YES_AGGRESSIVE;
				GCC_WARN_UNUSED_FUNCTION = YES;
				GCC_WARN_UNUSED_VARIABLE = YES;
				IPHONEOS_DEPLOYMENT_TARGET = 12.2;
				MTL_ENABLE_DEBUG_INFO = INCLUDE_SOURCE;
				MTL_FAST_MATH = YES;
				ONLY_ACTIVE_ARCH = YES;
				SDKROOT = iphoneos;
				SWIFT_ACTIVE_COMPILATION_CONDITIONS = DEBUG;
				SWIFT_OPTIMIZATION_LEVEL = "-Onone";
			};
			name = Debug;
		};
		78C1E5AE22F2FFE900529420 /* Release */ = {
			isa = XCBuildConfiguration;
			buildSettings = {
				ALWAYS_SEARCH_USER_PATHS = NO;
				CLANG_ANALYZER_NONNULL = YES;
				CLANG_ANALYZER_NUMBER_OBJECT_CONVERSION = YES_AGGRESSIVE;
				CLANG_CXX_LANGUAGE_STANDARD = "gnu++14";
				CLANG_CXX_LIBRARY = "libc++";
				CLANG_ENABLE_MODULES = YES;
				CLANG_ENABLE_OBJC_ARC = YES;
				CLANG_ENABLE_OBJC_WEAK = YES;
				CLANG_WARN_BLOCK_CAPTURE_AUTORELEASING = YES;
				CLANG_WARN_BOOL_CONVERSION = YES;
				CLANG_WARN_COMMA = YES;
				CLANG_WARN_CONSTANT_CONVERSION = YES;
				CLANG_WARN_DEPRECATED_OBJC_IMPLEMENTATIONS = YES;
				CLANG_WARN_DIRECT_OBJC_ISA_USAGE = YES_ERROR;
				CLANG_WARN_DOCUMENTATION_COMMENTS = YES;
				CLANG_WARN_EMPTY_BODY = YES;
				CLANG_WARN_ENUM_CONVERSION = YES;
				CLANG_WARN_INFINITE_RECURSION = YES;
				CLANG_WARN_INT_CONVERSION = YES;
				CLANG_WARN_NON_LITERAL_NULL_CONVERSION = YES;
				CLANG_WARN_OBJC_IMPLICIT_RETAIN_SELF = YES;
				CLANG_WARN_OBJC_LITERAL_CONVERSION = YES;
				CLANG_WARN_OBJC_ROOT_CLASS = YES_ERROR;
				CLANG_WARN_RANGE_LOOP_ANALYSIS = YES;
				CLANG_WARN_STRICT_PROTOTYPES = YES;
				CLANG_WARN_SUSPICIOUS_MOVE = YES;
				CLANG_WARN_UNGUARDED_AVAILABILITY = YES_AGGRESSIVE;
				CLANG_WARN_UNREACHABLE_CODE = YES;
				CLANG_WARN__DUPLICATE_METHOD_MATCH = YES;
				CODE_SIGN_IDENTITY = "iPhone Developer";
				COPY_PHASE_STRIP = NO;
				DEBUG_INFORMATION_FORMAT = "dwarf-with-dsym";
				ENABLE_NS_ASSERTIONS = NO;
				ENABLE_STRICT_OBJC_MSGSEND = YES;
				GCC_C_LANGUAGE_STANDARD = gnu11;
				GCC_NO_COMMON_BLOCKS = YES;
				GCC_WARN_64_TO_32_BIT_CONVERSION = YES;
				GCC_WARN_ABOUT_RETURN_TYPE = YES_ERROR;
				GCC_WARN_UNDECLARED_SELECTOR = YES;
				GCC_WARN_UNINITIALIZED_AUTOS = YES_AGGRESSIVE;
				GCC_WARN_UNUSED_FUNCTION = YES;
				GCC_WARN_UNUSED_VARIABLE = YES;
				IPHONEOS_DEPLOYMENT_TARGET = 12.2;
				MTL_ENABLE_DEBUG_INFO = NO;
				MTL_FAST_MATH = YES;
				SDKROOT = iphoneos;
				SWIFT_COMPILATION_MODE = wholemodule;
				SWIFT_OPTIMIZATION_LEVEL = "-O";
				VALIDATE_PRODUCT = YES;
			};
			name = Release;
		};
		78C1E5B022F2FFE900529420 /* Debug */ = {
			isa = XCBuildConfiguration;
			buildSettings = {
				ASSETCATALOG_COMPILER_APPICON_NAME = AppIcon;
				CODE_SIGN_STYLE = Automatic;
				DEVELOPMENT_TEAM = 5Q33N4U3XR;
				INFOPLIST_FILE = exampleCoreML/Info.plist;
				LD_RUNPATH_SEARCH_PATHS = (
					"$(inherited)",
					"@executable_path/Frameworks",
				);
				PRODUCT_BUNDLE_IDENTIFIER = com.programmeralley.exampleCoreML;
				PRODUCT_NAME = "$(TARGET_NAME)";
				SWIFT_VERSION = 5.0;
				TARGETED_DEVICE_FAMILY = "1,2";
			};
			name = Debug;
		};
		78C1E5B122F2FFE900529420 /* Release */ = {
			isa = XCBuildConfiguration;
			buildSettings = {
				ASSETCATALOG_COMPILER_APPICON_NAME = AppIcon;
				CODE_SIGN_STYLE = Automatic;
				DEVELOPMENT_TEAM = 5Q33N4U3XR;
				INFOPLIST_FILE = exampleCoreML/Info.plist;
				LD_RUNPATH_SEARCH_PATHS = (
					"$(inherited)",
					"@executable_path/Frameworks",
				);
				PRODUCT_BUNDLE_IDENTIFIER = com.programmeralley.exampleCoreML;
				PRODUCT_NAME = "$(TARGET_NAME)";
				SWIFT_VERSION = 5.0;
				TARGETED_DEVICE_FAMILY = "1,2";
			};
			name = Release;
		};
		78C1E5B322F2FFE900529420 /* Debug */ = {
			isa = XCBuildConfiguration;
			buildSettings = {
				ALWAYS_EMBED_SWIFT_STANDARD_LIBRARIES = YES;
				BUNDLE_LOADER = "$(TEST_HOST)";
				CODE_SIGN_STYLE = Automatic;
				DEVELOPMENT_TEAM = 5Q33N4U3XR;
				INFOPLIST_FILE = exampleCoreMLTests/Info.plist;
				LD_RUNPATH_SEARCH_PATHS = (
					"$(inherited)",
					"@executable_path/Frameworks",
					"@loader_path/Frameworks",
				);
				PRODUCT_BUNDLE_IDENTIFIER = com.programmeralley.exampleCoreMLTests;
				PRODUCT_NAME = "$(TARGET_NAME)";
				SWIFT_VERSION = 5.0;
				TARGETED_DEVICE_FAMILY = "1,2";
				TEST_HOST = "$(BUILT_PRODUCTS_DIR)/exampleCoreML.app/exampleCoreML";
			};
			name = Debug;
		};
		78C1E5B422F2FFE900529420 /* Release */ = {
			isa = XCBuildConfiguration;
			buildSettings = {
				ALWAYS_EMBED_SWIFT_STANDARD_LIBRARIES = YES;
				BUNDLE_LOADER = "$(TEST_HOST)";
				CODE_SIGN_STYLE = Automatic;
				DEVELOPMENT_TEAM = 5Q33N4U3XR;
				INFOPLIST_FILE = exampleCoreMLTests/Info.plist;
				LD_RUNPATH_SEARCH_PATHS = (
					"$(inherited)",
					"@executable_path/Frameworks",
					"@loader_path/Frameworks",
				);
				PRODUCT_BUNDLE_IDENTIFIER = com.programmeralley.exampleCoreMLTests;
				PRODUCT_NAME = "$(TARGET_NAME)";
				SWIFT_VERSION = 5.0;
				TARGETED_DEVICE_FAMILY = "1,2";
				TEST_HOST = "$(BUILT_PRODUCTS_DIR)/exampleCoreML.app/exampleCoreML";
			};
			name = Release;
		};
/* End XCBuildConfiguration section */

/* Begin XCConfigurationList section */
		78C1E58D22F2FFB600529420 /* Build configuration list for PBXProject "exampleCoreML" */ = {
			isa = XCConfigurationList;
			buildConfigurations = (
				78C1E5AD22F2FFE900529420 /* Debug */,
				78C1E5AE22F2FFE900529420 /* Release */,
			);
			defaultConfigurationIsVisible = 0;
			defaultConfigurationName = Release;
		};
		78C1E5AF22F2FFE900529420 /* Build configuration list for PBXNativeTarget "exampleCoreML" */ = {
			isa = XCConfigurationList;
			buildConfigurations = (
				78C1E5B022F2FFE900529420 /* Debug */,
				78C1E5B122F2FFE900529420 /* Release */,
			);
			defaultConfigurationIsVisible = 0;
			defaultConfigurationName = Release;
		};
		78C1E5B222F2FFE900529420 /* Build configuration list for PBXNativeTarget "exampleCoreMLTests" */ = {
			isa = XCConfigurationList;
			buildConfigurations = (
				78C1E5B322F2FFE900529420 /* Debug */,
				78C1E5B422F2FFE900529420 /* Release */,
			);
			defaultConfigurationIsVisible = 0;
			defaultConfigurationName = Release;
		};
/* End XCConfigurationList section */
	};
	rootObject = 78C1E58A22F2FFB600529420 /* Project object */;
}
